// !$*UTF8*$!
{
	archiveVersion = 1;
	classes = {
	};
	objectVersion = 77;
	objects = {

/* Begin PBXContainerItemProxy section */
		C869F8D62D89B78900D84142 /* PBXContainerItemProxy */ = {
			isa = PBXContainerItemProxy;
			containerPortal = C869F8BD2D89B78800D84142 /* Project object */;
			proxyType = 1;
			remoteGlobalIDString = C869F8C42D89B78800D84142;
			remoteInfo = LifeVerse;
		};
		C869F8E02D89B78900D84142 /* PBXContainerItemProxy */ = {
			isa = PBXContainerItemProxy;
			containerPortal = C869F8BD2D89B78800D84142 /* Project object */;
			proxyType = 1;
			remoteGlobalIDString = C869F8C42D89B78800D84142;
			remoteInfo = LifeVerse;
		};
/* End PBXContainerItemProxy section */

/* Begin PBXFileReference section */
		C869F8C52D89B78800D84142 /* LifeVerse.app */ = {isa = PBXFileReference; explicitFileType = wrapper.application; includeInIndex = 0; path = LifeVerse.app; sourceTree = BUILT_PRODUCTS_DIR; };
		C869F8D52D89B78900D84142 /* LifeVerseTests.xctest */ = {isa = PBXFileReference; explicitFileType = wrapper.cfbundle; includeInIndex = 0; path = LifeVerseTests.xctest; sourceTree = BUILT_PRODUCTS_DIR; };
		C869F8DF2D89B78900D84142 /* LifeVerseUITests.xctest */ = {isa = PBXFileReference; explicitFileType = wrapper.cfbundle; includeInIndex = 0; path = LifeVerseUITests.xctest; sourceTree = BUILT_PRODUCTS_DIR; };
/* End PBXFileReference section */

/* Begin PBXFileSystemSynchronizedRootGroup section */
		C869F8C72D89B78800D84142 /* LifeVerse */ = {
			isa = PBXFileSystemSynchronizedRootGroup;
			path = LifeVerse;
			sourceTree = "<group>";
		};
		C869F8D82D89B78900D84142 /* LifeVerseTests */ = {
			isa = PBXFileSystemSynchronizedRootGroup;
			path = LifeVerseTests;
			sourceTree = "<group>";
		};
		C869F8E22D89B78900D84142 /* LifeVerseUITests */ = {
			isa = PBXFileSystemSynchronizedRootGroup;
			path = LifeVerseUITests;
			sourceTree = "<group>";
		};
/* End PBXFileSystemSynchronizedRootGroup section */

/* Begin PBXFrameworksBuildPhase section */
		C869F8C22D89B78800D84142 /* Frameworks */ = {
			isa = PBXFrameworksBuildPhase;
			buildActionMask = 2147483647;
			files = (
			);
			runOnlyForDeploymentPostprocessing = 0;
		};
		C869F8D22D89B78900D84142 /* Frameworks */ = {
			isa = PBXFrameworksBuildPhase;
			buildActionMask = 2147483647;
			files = (
			);
			runOnlyForDeploymentPostprocessing = 0;
		};
		C869F8DC2D89B78900D84142 /* Frameworks */ = {
			isa = PBXFrameworksBuildPhase;
			buildActionMask = 2147483647;
			files = (
			);
			runOnlyForDeploymentPostprocessing = 0;
		};
/* End PBXFrameworksBuildPhase section */

/* Begin PBXGroup section */
		C869F8BC2D89B78800D84142 = {
			isa = PBXGroup;
			children = (
				C869F8C72D89B78800D84142 /* LifeVerse */,
				C869F8D82D89B78900D84142 /* LifeVerseTests */,
				C869F8E22D89B78900D84142 /* LifeVerseUITests */,
				C869F8C62D89B78800D84142 /* Products */,
			);
			sourceTree = "<group>";
		};
		C869F8C62D89B78800D84142 /* Products */ = {
			isa = PBXGroup;
			children = (
				C869F8C52D89B78800D84142 /* LifeVerse.app */,
				C869F8D52D89B78900D84142 /* LifeVerseTests.xctest */,
				C869F8DF2D89B78900D84142 /* LifeVerseUITests.xctest */,
			);
			name = Products;
			sourceTree = "<group>";
		};
/* End PBXGroup section */

/* Begin PBXNativeTarget section */
		C869F8C42D89B78800D84142 /* LifeVerse */ = {
			isa = PBXNativeTarget;
			buildConfigurationList = C869F8E92D89B78900D84142 /* Build configuration list for PBXNativeTarget "LifeVerse" */;
			buildPhases = (
				C869F8C12D89B78800D84142 /* Sources */,
				C869F8C22D89B78800D84142 /* Frameworks */,
				C869F8C32D89B78800D84142 /* Resources */,
			);
			buildRules = (
			);
			dependencies = (
			);
			fileSystemSynchronizedGroups = (
				C869F8C72D89B78800D84142 /* LifeVerse */,
			);
			name = LifeVerse;
			packageProductDependencies = (
			);
			productName = LifeVerse;
			productReference = C869F8C52D89B78800D84142 /* LifeVerse.app */;
			productType = "com.apple.product-type.application";
		};
		C869F8D42D89B78900D84142 /* LifeVerseTests */ = {
			isa = PBXNativeTarget;
			buildConfigurationList = C869F8EC2D89B78900D84142 /* Build configuration list for PBXNativeTarget "LifeVerseTests" */;
			buildPhases = (
				C869F8D12D89B78900D84142 /* Sources */,
				C869F8D22D89B78900D84142 /* Frameworks */,
				C869F8D32D89B78900D84142 /* Resources */,
			);
			buildRules = (
			);
			dependencies = (
				C869F8D72D89B78900D84142 /* PBXTargetDependency */,
			);
			fileSystemSynchronizedGroups = (
				C869F8D82D89B78900D84142 /* LifeVerseTests */,
			);
			name = LifeVerseTests;
			packageProductDependencies = (
			);
			productName = LifeVerseTests;
			productReference = C869F8D52D89B78900D84142 /* LifeVerseTests.xctest */;
			productType = "com.apple.product-type.bundle.unit-test";
		};
		C869F8DE2D89B78900D84142 /* LifeVerseUITests */ = {
			isa = PBXNativeTarget;
			buildConfigurationList = C869F8EF2D89B78900D84142 /* Build configuration list for PBXNativeTarget "LifeVerseUITests" */;
			buildPhases = (
				C869F8DB2D89B78900D84142 /* Sources */,
				C869F8DC2D89B78900D84142 /* Frameworks */,
				C869F8DD2D89B78900D84142 /* Resources */,
			);
			buildRules = (
			);
			dependencies = (
				C869F8E12D89B78900D84142 /* PBXTargetDependency */,
			);
			fileSystemSynchronizedGroups = (
				C869F8E22D89B78900D84142 /* LifeVerseUITests */,
			);
			name = LifeVerseUITests;
			packageProductDependencies = (
			);
			productName = LifeVerseUITests;
			productReference = C869F8DF2D89B78900D84142 /* LifeVerseUITests.xctest */;
			productType = "com.apple.product-type.bundle.ui-testing";
		};
/* End PBXNativeTarget section */

/* Begin PBXProject section */
		C869F8BD2D89B78800D84142 /* Project object */ = {
			isa = PBXProject;
			attributes = {
				BuildIndependentTargetsInParallel = 1;
				LastSwiftUpdateCheck = 1620;
				LastUpgradeCheck = 1620;
				TargetAttributes = {
					C869F8C42D89B78800D84142 = {
						CreatedOnToolsVersion = 16.2;
					};
					C869F8D42D89B78900D84142 = {
						CreatedOnToolsVersion = 16.2;
						TestTargetID = C869F8C42D89B78800D84142;
					};
					C869F8DE2D89B78900D84142 = {
						CreatedOnToolsVersion = 16.2;
						TestTargetID = C869F8C42D89B78800D84142;
					};
				};
			};
			buildConfigurationList = C869F8C02D89B78800D84142 /* Build configuration list for PBXProject "LifeVerse" */;
			developmentRegion = en;
			hasScannedForEncodings = 0;
			knownRegions = (
				en,
				Base,
			);
			mainGroup = C869F8BC2D89B78800D84142;
			minimizedProjectReferenceProxies = 1;
			preferredProjectObjectVersion = 77;
			productRefGroup = C869F8C62D89B78800D84142 /* Products */;
			projectDirPath = "";
			projectRoot = "";
			targets = (
				C869F8C42D89B78800D84142 /* LifeVerse */,
				C869F8D42D89B78900D84142 /* LifeVerseTests */,
				C869F8DE2D89B78900D84142 /* LifeVerseUITests */,
			);
		};
/* End PBXProject section */

/* Begin PBXResourcesBuildPhase section */
		C869F8C32D89B78800D84142 /* Resources */ = {
			isa = PBXResourcesBuildPhase;
			buildActionMask = 2147483647;
			files = (
			);
			runOnlyForDeploymentPostprocessing = 0;
		};
		C869F8D32D89B78900D84142 /* Resources */ = {
			isa = PBXResourcesBuildPhase;
			buildActionMask = 2147483647;
			files = (
			);
			runOnlyForDeploymentPostprocessing = 0;
		};
		C869F8DD2D89B78900D84142 /* Resources */ = {
			isa = PBXResourcesBuildPhase;
			buildActionMask = 2147483647;
			files = (
			);
			runOnlyForDeploymentPostprocessing = 0;
		};
/* End PBXResourcesBuildPhase section */

/* Begin PBXSourcesBuildPhase section */
		C869F8C12D89B78800D84142 /* Sources */ = {
			isa = PBXSourcesBuildPhase;
			buildActionMask = 2147483647;
			files = (
			);
			runOnlyForDeploymentPostprocessing = 0;
		};
		C869F8D12D89B78900D84142 /* Sources */ = {
			isa = PBXSourcesBuildPhase;
			buildActionMask = 2147483647;
			files = (
			);
			runOnlyForDeploymentPostprocessing = 0;
		};
		C869F8DB2D89B78900D84142 /* Sources */ = {
			isa = PBXSourcesBuildPhase;
			buildActionMask = 2147483647;
			files = (
			);
			runOnlyForDeploymentPostprocessing = 0;
		};
/* End PBXSourcesBuildPhase section */

/* Begin PBXTargetDependency section */
		C869F8D72D89B78900D84142 /* PBXTargetDependency */ = {
			isa = PBXTargetDependency;
			target = C869F8C42D89B78800D84142 /* LifeVerse */;
			targetProxy = C869F8D62D89B78900D84142 /* PBXContainerItemProxy */;
		};
		C869F8E12D89B78900D84142 /* PBXTargetDependency */ = {
			isa = PBXTargetDependency;
			target = C869F8C42D89B78800D84142 /* LifeVerse */;
			targetProxy = C869F8E02D89B78900D84142 /* PBXContainerItemProxy */;
		};
/* End PBXTargetDependency section */

/* Begin XCBuildConfiguration section */
		C869F8E72D89B78900D84142 /* Debug */ = {
			isa = XCBuildConfiguration;
			buildSettings = {
				ALWAYS_SEARCH_USER_PATHS = NO;
				ASSETCATALOG_COMPILER_GENERATE_SWIFT_ASSET_SYMBOL_EXTENSIONS = YES;
				CLANG_ANALYZER_NONNULL = YES;
				CLANG_ANALYZER_NUMBER_OBJECT_CONVERSION = YES_AGGRESSIVE;
				CLANG_CXX_LANGUAGE_STANDARD = "gnu++20";
				CLANG_ENABLE_MODULES = YES;
				CLANG_ENABLE_OBJC_ARC = YES;
				CLANG_ENABLE_OBJC_WEAK = YES;
				CLANG_WARN_BLOCK_CAPTURE_AUTORELEASING = YES;
				CLANG_WARN_BOOL_CONVERSION = YES;
				CLANG_WARN_COMMA = YES;
				CLANG_WARN_CONSTANT_CONVERSION = YES;
				CLANG_WARN_DEPRECATED_OBJC_IMPLEMENTATIONS = YES;
				CLANG_WARN_DIRECT_OBJC_ISA_USAGE = YES_ERROR;
				CLANG_WARN_DOCUMENTATION_COMMENTS = YES;
				CLANG_WARN_EMPTY_BODY = YES;
				CLANG_WARN_ENUM_CONVERSION = YES;
				CLANG_WARN_INFINITE_RECURSION = YES;
				CLANG_WARN_INT_CONVERSION = YES;
				CLANG_WARN_NON_LITERAL_NULL_CONVERSION = YES;
				CLANG_WARN_OBJC_IMPLICIT_RETAIN_SELF = YES;
				CLANG_WARN_OBJC_LITERAL_CONVERSION = YES;
				CLANG_WARN_OBJC_ROOT_CLASS = YES_ERROR;
				CLANG_WARN_QUOTED_INCLUDE_IN_FRAMEWORK_HEADER = YES;
				CLANG_WARN_RANGE_LOOP_ANALYSIS = YES;
				CLANG_WARN_STRICT_PROTOTYPES = YES;
				CLANG_WARN_SUSPICIOUS_MOVE = YES;
				CLANG_WARN_UNGUARDED_AVAILABILITY = YES_AGGRESSIVE;
				CLANG_WARN_UNREACHABLE_CODE = YES;
				CLANG_WARN__DUPLICATE_METHOD_MATCH = YES;
				COPY_PHASE_STRIP = NO;
				DEBUG_INFORMATION_FORMAT = dwarf;
				ENABLE_STRICT_OBJC_MSGSEND = YES;
				ENABLE_TESTABILITY = YES;
				ENABLE_USER_SCRIPT_SANDBOXING = YES;
				GCC_C_LANGUAGE_STANDARD = gnu17;
				GCC_DYNAMIC_NO_PIC = NO;
				GCC_NO_COMMON_BLOCKS = YES;
				GCC_OPTIMIZATION_LEVEL = 0;
				GCC_PREPROCESSOR_DEFINITIONS = (
					"DEBUG=1",
					"$(inherited)",
				);
				GCC_WARN_64_TO_32_BIT_CONVERSION = YES;
				GCC_WARN_ABOUT_RETURN_TYPE = YES_ERROR;
				GCC_WARN_UNDECLARED_SELECTOR = YES;
				GCC_WARN_UNINITIALIZED_AUTOS = YES_AGGRESSIVE;
				GCC_WARN_UNUSED_FUNCTION = YES;
				GCC_WARN_UNUSED_VARIABLE = YES;
				IPHONEOS_DEPLOYMENT_TARGET = 18.2;
				LOCALIZATION_PREFERS_STRING_CATALOGS = YES;
				MTL_ENABLE_DEBUG_INFO = INCLUDE_SOURCE;
				MTL_FAST_MATH = YES;
				ONLY_ACTIVE_ARCH = YES;
				SDKROOT = iphoneos;
				SWIFT_ACTIVE_COMPILATION_CONDITIONS = "DEBUG $(inherited)";
				SWIFT_OPTIMIZATION_LEVEL = "-Onone";
			};
			name = Debug;
		};
		C869F8E82D89B78900D84142 /* Release */ = {
			isa = XCBuildConfiguration;
			buildSettings = {
				ALWAYS_SEARCH_USER_PATHS = NO;
				ASSETCATALOG_COMPILER_GENERATE_SWIFT_ASSET_SYMBOL_EXTENSIONS = YES;
				CLANG_ANALYZER_NONNULL = YES;
				CLANG_ANALYZER_NUMBER_OBJECT_CONVERSION = YES_AGGRESSIVE;
				CLANG_CXX_LANGUAGE_STANDARD = "gnu++20";
				CLANG_ENABLE_MODULES = YES;
				CLANG_ENABLE_OBJC_ARC = YES;
				CLANG_ENABLE_OBJC_WEAK = YES;
				CLANG_WARN_BLOCK_CAPTURE_AUTORELEASING = YES;
				CLANG_WARN_BOOL_CONVERSION = YES;
				CLANG_WARN_COMMA = YES;
				CLANG_WARN_CONSTANT_CONVERSION = YES;
				CLANG_WARN_DEPRECATED_OBJC_IMPLEMENTATIONS = YES;
				CLANG_WARN_DIRECT_OBJC_ISA_USAGE = YES_ERROR;
				CLANG_WARN_DOCUMENTATION_COMMENTS = YES;
				CLANG_WARN_EMPTY_BODY = YES;
				CLANG_WARN_ENUM_CONVERSION = YES;
				CLANG_WARN_INFINITE_RECURSION = YES;
				CLANG_WARN_INT_CONVERSION = YES;
				CLANG_WARN_NON_LITERAL_NULL_CONVERSION = YES;
				CLANG_WARN_OBJC_IMPLICIT_RETAIN_SELF = YES;
				CLANG_WARN_OBJC_LITERAL_CONVERSION = YES;
				CLANG_WARN_OBJC_ROOT_CLASS = YES_ERROR;
				CLANG_WARN_QUOTED_INCLUDE_IN_FRAMEWORK_HEADER = YES;
				CLANG_WARN_RANGE_LOOP_ANALYSIS = YES;
				CLANG_WARN_STRICT_PROTOTYPES = YES;
				CLANG_WARN_SUSPICIOUS_MOVE = YES;
				CLANG_WARN_UNGUARDED_AVAILABILITY = YES_AGGRESSIVE;
				CLANG_WARN_UNREACHABLE_CODE = YES;
				CLANG_WARN__DUPLICATE_METHOD_MATCH = YES;
				COPY_PHASE_STRIP = NO;
				DEBUG_INFORMATION_FORMAT = "dwarf-with-dsym";
				ENABLE_NS_ASSERTIONS = NO;
				ENABLE_STRICT_OBJC_MSGSEND = YES;
				ENABLE_USER_SCRIPT_SANDBOXING = YES;
				GCC_C_LANGUAGE_STANDARD = gnu17;
				GCC_NO_COMMON_BLOCKS = YES;
				GCC_WARN_64_TO_32_BIT_CONVERSION = YES;
				GCC_WARN_ABOUT_RETURN_TYPE = YES_ERROR;
				GCC_WARN_UNDECLARED_SELECTOR = YES;
				GCC_WARN_UNINITIALIZED_AUTOS = YES_AGGRESSIVE;
				GCC_WARN_UNUSED_FUNCTION = YES;
				GCC_WARN_UNUSED_VARIABLE = YES;
				IPHONEOS_DEPLOYMENT_TARGET = 18.2;
				LOCALIZATION_PREFERS_STRING_CATALOGS = YES;
				MTL_ENABLE_DEBUG_INFO = NO;
				MTL_FAST_MATH = YES;
				SDKROOT = iphoneos;
				SWIFT_COMPILATION_MODE = wholemodule;
				VALIDATE_PRODUCT = YES;
			};
			name = Release;
		};
		C869F8EA2D89B78900D84142 /* Debug */ = {
			isa = XCBuildConfiguration;
			buildSettings = {
				ASSETCATALOG_COMPILER_APPICON_NAME = AppIcon;
				ASSETCATALOG_COMPILER_GLOBAL_ACCENT_COLOR_NAME = AccentColor;
				CODE_SIGN_STYLE = Automatic;
				CURRENT_PROJECT_VERSION = 1;
				DEVELOPMENT_ASSET_PATHS = "\"LifeVerse/Preview Content\"";
				DEVELOPMENT_TEAM = 7X8B8RNDYS;
				ENABLE_PREVIEWS = YES;
				GENERATE_INFOPLIST_FILE = YES;
				INFOPLIST_KEY_UIApplicationSceneManifest_Generation = YES;
				INFOPLIST_KEY_UIApplicationSupportsIndirectInputEvents = YES;
				INFOPLIST_KEY_UILaunchScreen_Generation = YES;
				INFOPLIST_KEY_UISupportedInterfaceOrientations = UIInterfaceOrientationPortrait;
				INFOPLIST_KEY_UISupportedInterfaceOrientations_iPad = "UIInterfaceOrientationPortrait UIInterfaceOrientationPortraitUpsideDown";
				LD_RUNPATH_SEARCH_PATHS = (
					"$(inherited)",
					"@executable_path/Frameworks",
				);
				MARKETING_VERSION = 1.0;
				PRODUCT_BUNDLE_IDENTIFIER = "Vijeth-Ltd.LifeVerse";
				PRODUCT_NAME = "$(TARGET_NAME)";
				SWIFT_EMIT_LOC_STRINGS = YES;
				SWIFT_VERSION = 5.0;
				TARGETED_DEVICE_FAMILY = "1,2";
			};
			name = Debug;
		};
		C869F8EB2D89B78900D84142 /* Release */ = {
			isa = XCBuildConfiguration;
			buildSettings = {
				ASSETCATALOG_COMPILER_APPICON_NAME = AppIcon;
				ASSETCATALOG_COMPILER_GLOBAL_ACCENT_COLOR_NAME = AccentColor;
				CODE_SIGN_STYLE = Automatic;
				CURRENT_PROJECT_VERSION = 1;
				DEVELOPMENT_ASSET_PATHS = "\"LifeVerse/Preview Content\"";
				DEVELOPMENT_TEAM = 7X8B8RNDYS;
				ENABLE_PREVIEWS = YES;
				GENERATE_INFOPLIST_FILE = YES;
				INFOPLIST_KEY_UIApplicationSceneManifest_Generation = YES;
				INFOPLIST_KEY_UIApplicationSupportsIndirectInputEvents = YES;
				INFOPLIST_KEY_UILaunchScreen_Generation = YES;
				INFOPLIST_KEY_UISupportedInterfaceOrientations = UIInterfaceOrientationPortrait;
				INFOPLIST_KEY_UISupportedInterfaceOrientations_iPad = "UIInterfaceOrientationPortrait UIInterfaceOrientationPortraitUpsideDown";
				LD_RUNPATH_SEARCH_PATHS = (
					"$(inherited)",
					"@executable_path/Frameworks",
				);
				MARKETING_VERSION = 1.0;
				PRODUCT_BUNDLE_IDENTIFIER = "Vijeth-Ltd.LifeVerse";
				PRODUCT_NAME = "$(TARGET_NAME)";
				SWIFT_EMIT_LOC_STRINGS = YES;
				SWIFT_VERSION = 5.0;
				TARGETED_DEVICE_FAMILY = "1,2";
			};
			name = Release;
		};
		C869F8ED2D89B78900D84142 /* Debug */ = {
			isa = XCBuildConfiguration;
			buildSettings = {
				BUNDLE_LOADER = "$(TEST_HOST)";
				CODE_SIGN_STYLE = Automatic;
				CURRENT_PROJECT_VERSION = 1;
				DEVELOPMENT_TEAM = 7X8B8RNDYS;
				GENERATE_INFOPLIST_FILE = YES;
				IPHONEOS_DEPLOYMENT_TARGET = 18.2;
				MARKETING_VERSION = 1.0;
				PRODUCT_BUNDLE_IDENTIFIER = "Vijeth-Ltd.LifeVerseTests";
				PRODUCT_NAME = "$(TARGET_NAME)";
				SWIFT_EMIT_LOC_STRINGS = NO;
				SWIFT_VERSION = 5.0;
				TARGETED_DEVICE_FAMILY = "1,2";
				TEST_HOST = "$(BUILT_PRODUCTS_DIR)/LifeVerse.app/$(BUNDLE_EXECUTABLE_FOLDER_PATH)/LifeVerse";
			};
			name = Debug;
		};
		C869F8EE2D89B78900D84142 /* Release */ = {
			isa = XCBuildConfiguration;
			buildSettings = {
				BUNDLE_LOADER = "$(TEST_HOST)";
				CODE_SIGN_STYLE = Automatic;
				CURRENT_PROJECT_VERSION = 1;
				DEVELOPMENT_TEAM = 7X8B8RNDYS;
				GENERATE_INFOPLIST_FILE = YES;
				IPHONEOS_DEPLOYMENT_TARGET = 18.2;
				MARKETING_VERSION = 1.0;
				PRODUCT_BUNDLE_IDENTIFIER = "Vijeth-Ltd.LifeVerseTests";
				PRODUCT_NAME = "$(TARGET_NAME)";
				SWIFT_EMIT_LOC_STRINGS = NO;
				SWIFT_VERSION = 5.0;
				TARGETED_DEVICE_FAMILY = "1,2";
				TEST_HOST = "$(BUILT_PRODUCTS_DIR)/LifeVerse.app/$(BUNDLE_EXECUTABLE_FOLDER_PATH)/LifeVerse";
			};
			name = Release;
		};
		C869F8F02D89B78900D84142 /* Debug */ = {
			isa = XCBuildConfiguration;
			buildSettings = {
				CODE_SIGN_STYLE = Automatic;
				CURRENT_PROJECT_VERSION = 1;
				DEVELOPMENT_TEAM = 7X8B8RNDYS;
				GENERATE_INFOPLIST_FILE = YES;
				MARKETING_VERSION = 1.0;
				PRODUCT_BUNDLE_IDENTIFIER = "Vijeth-Ltd.LifeVerseUITests";
				PRODUCT_NAME = "$(TARGET_NAME)";
				SWIFT_EMIT_LOC_STRINGS = NO;
				SWIFT_VERSION = 5.0;
				TARGETED_DEVICE_FAMILY = "1,2";
				TEST_TARGET_NAME = LifeVerse;
			};
			name = Debug;
		};
		C869F8F12D89B78900D84142 /* Release */ = {
			isa = XCBuildConfiguration;
			buildSettings = {
				CODE_SIGN_STYLE = Automatic;
				CURRENT_PROJECT_VERSION = 1;
				DEVELOPMENT_TEAM = 7X8B8RNDYS;
				GENERATE_INFOPLIST_FILE = YES;
				MARKETING_VERSION = 1.0;
				PRODUCT_BUNDLE_IDENTIFIER = "Vijeth-Ltd.LifeVerseUITests";
				PRODUCT_NAME = "$(TARGET_NAME)";
				SWIFT_EMIT_LOC_STRINGS = NO;
				SWIFT_VERSION = 5.0;
				TARGETED_DEVICE_FAMILY = "1,2";
				TEST_TARGET_NAME = LifeVerse;
			};
			name = Release;
		};
/* End XCBuildConfiguration section */

/* Begin XCConfigurationList section */
		C869F8C02D89B78800D84142 /* Build configuration list for PBXProject "LifeVerse" */ = {
			isa = XCConfigurationList;
			buildConfigurations = (
				C869F8E72D89B78900D84142 /* Debug */,
				C869F8E82D89B78900D84142 /* Release */,
			);
			defaultConfigurationIsVisible = 0;
			defaultConfigurationName = Release;
		};
		C869F8E92D89B78900D84142 /* Build configuration list for PBXNativeTarget "LifeVerse" */ = {
			isa = XCConfigurationList;
			buildConfigurations = (
				C869F8EA2D89B78900D84142 /* Debug */,
				C869F8EB2D89B78900D84142 /* Release */,
			);
			defaultConfigurationIsVisible = 0;
			defaultConfigurationName = Release;
		};
		C869F8EC2D89B78900D84142 /* Build configuration list for PBXNativeTarget "LifeVerseTests" */ = {
			isa = XCConfigurationList;
			buildConfigurations = (
				C869F8ED2D89B78900D84142 /* Debug */,
				C869F8EE2D89B78900D84142 /* Release */,
			);
			defaultConfigurationIsVisible = 0;
			defaultConfigurationName = Release;
		};
		C869F8EF2D89B78900D84142 /* Build configuration list for PBXNativeTarget "LifeVerseUITests" */ = {
			isa = XCConfigurationList;
			buildConfigurations = (
				C869F8F02D89B78900D84142 /* Debug */,
				C869F8F12D89B78900D84142 /* Release */,
			);
			defaultConfigurationIsVisible = 0;
			defaultConfigurationName = Release;
		};
/* End XCConfigurationList section */
	};
	rootObject = C869F8BD2D89B78800D84142 /* Project object */;
}
